
Microsoft Visual Studio Solution File, Format Version 12.00
# Visual Studio Version 16
VisualStudioVersion = 16.0.30711.63
MinimumVisualStudioVersion = 10.0.40219.1
Project("{2150E333-8FDC-42A3-9474-1A3956D46DE8}") = "src", "src", "{81B85507-1FBE-4B9D-95E4-8890A24D1943}"
EndProject
Project("{2150E333-8FDC-42A3-9474-1A3956D46DE8}") = "test", "test", "{E2204744-D094-4C6B-8328-41301E408F1B}"
EndProject
Project("{9A19103F-16F7-4668-BE54-9A1E7A4F7556}") = "Example", "test\Example\Example.csproj", "{3E192B08-9F22-4BC0-A215-A8EADF6D76E3}"
EndProject
Project("{9A19103F-16F7-4668-BE54-9A1E7A4F7556}") = "CloudService", "src\CloudService\CloudService.csproj", "{188E9BAF-817A-43C0-98D7-873E18571976}"
EndProject
Project("{FAE04EC0-301F-11D3-BF4B-00C04F79EFBC}") = "Example2", "test\Example2\Example2.csproj", "{8419C512-7FD5-4D3C-84AD-AAB4475D0BDC}"
EndProject
Global
	GlobalSection(SolutionConfigurationPlatforms) = preSolution
		Debug|Any CPU = Debug|Any CPU
		Release|Any CPU = Release|Any CPU
	EndGlobalSection
	GlobalSection(ProjectConfigurationPlatforms) = postSolution
		{3E192B08-9F22-4BC0-A215-A8EADF6D76E3}.Debug|Any CPU.ActiveCfg = Debug|Any CPU
		{3E192B08-9F22-4BC0-A215-A8EADF6D76E3}.Debug|Any CPU.Build.0 = Debug|Any CPU
		{3E192B08-9F22-4BC0-A215-A8EADF6D76E3}.Release|Any CPU.ActiveCfg = Release|Any CPU
		{3E192B08-9F22-4BC0-A215-A8EADF6D76E3}.Release|Any CPU.Build.0 = Release|Any CPU
		{188E9BAF-817A-43C0-98D7-873E18571976}.Debug|Any CPU.ActiveCfg = Debug|Any CPU
		{188E9BAF-817A-43C0-98D7-873E18571976}.Debug|Any CPU.Build.0 = Debug|Any CPU
		{188E9BAF-817A-43C0-98D7-873E18571976}.Release|Any CPU.ActiveCfg = Release|Any CPU
		{188E9BAF-817A-43C0-98D7-873E18571976}.Release|Any CPU.Build.0 = Release|Any CPU
		{8419C512-7FD5-4D3C-84AD-AAB4475D0BDC}.Debug|Any CPU.ActiveCfg = Debug|Any CPU
		{8419C512-7FD5-4D3C-84AD-AAB4475D0BDC}.Debug|Any CPU.Build.0 = Debug|Any CPU
		{8419C512-7FD5-4D3C-84AD-AAB4475D0BDC}.Release|Any CPU.ActiveCfg = Release|Any CPU
		{8419C512-7FD5-4D3C-84AD-AAB4475D0BDC}.Release|Any CPU.Build.0 = Release|Any CPU
	EndGlobalSection
	GlobalSection(SolutionProperties) = preSolution
		HideSolutionNode = FALSE
	EndGlobalSection
	GlobalSection(NestedProjects) = preSolution
		{3E192B08-9F22-4BC0-A215-A8EADF6D76E3} = {E2204744-D094-4C6B-8328-41301E408F1B}
		{188E9BAF-817A-43C0-98D7-873E18571976} = {81B85507-1FBE-4B9D-95E4-8890A24D1943}
		{8419C512-7FD5-4D3C-84AD-AAB4475D0BDC} = {E2204744-D094-4C6B-8328-41301E408F1B}
	EndGlobalSection
	GlobalSection(ExtensibilityGlobals) = postSolution
		SolutionGuid = {395E2FB5-C300-493E-B872-4E93DF115632}
	EndGlobalSection
EndGlobal
